// !$*UTF8*$!
{
	archiveVersion = 1;
	classes = {
	};
	objectVersion = 50;
	objects = {

/* Begin PBXBuildFile section */
		689B060B2541D3B100F1CED5 /* AppDelegate.swift in Sources */ = {isa = PBXBuildFile; fileRef = 689B060A2541D3B100F1CED5 /* AppDelegate.swift */; };
		689B060D2541D3B100F1CED5 /* SceneDelegate.swift in Sources */ = {isa = PBXBuildFile; fileRef = 689B060C2541D3B100F1CED5 /* SceneDelegate.swift */; };
		689B060F2541D3B100F1CED5 /* ViewController.swift in Sources */ = {isa = PBXBuildFile; fileRef = 689B060E2541D3B100F1CED5 /* ViewController.swift */; };
		689B06122541D3B100F1CED5 /* Main.storyboard in Resources */ = {isa = PBXBuildFile; fileRef = 689B06102541D3B100F1CED5 /* Main.storyboard */; };
		689B06152541D3B100F1CED5 /* kkaroDemoCK.xcdatamodeld in Sources */ = {isa = PBXBuildFile; fileRef = 689B06132541D3B100F1CED5 /* kkaroDemoCK.xcdatamodeld */; };
		689B06172541D3B200F1CED5 /* Assets.xcassets in Resources */ = {isa = PBXBuildFile; fileRef = 689B06162541D3B200F1CED5 /* Assets.xcassets */; };
		689B061A2541D3B200F1CED5 /* LaunchScreen.storyboard in Resources */ = {isa = PBXBuildFile; fileRef = 689B06182541D3B200F1CED5 /* LaunchScreen.storyboard */; };
		689B06232541D65000F1CED5 /* Task.swift in Sources */ = {isa = PBXBuildFile; fileRef = 689B06222541D65000F1CED5 /* Task.swift */; };
		689B06262541D70000F1CED5 /* ViewController+extension.swift in Sources */ = {isa = PBXBuildFile; fileRef = 689B06252541D70000F1CED5 /* ViewController+extension.swift */; };
		689B062D2541D79700F1CED5 /* CloudKit.framework in Frameworks */ = {isa = PBXBuildFile; fileRef = 689B062C2541D79700F1CED5 /* CloudKit.framework */; };
/* End PBXBuildFile section */

/* Begin PBXFileReference section */
		689B06072541D3B100F1CED5 /* kkaroDemoCK.app */ = {isa = PBXFileReference; explicitFileType = wrapper.application; includeInIndex = 0; path = kkaroDemoCK.app; sourceTree = BUILT_PRODUCTS_DIR; };
		689B060A2541D3B100F1CED5 /* AppDelegate.swift */ = {isa = PBXFileReference; lastKnownFileType = sourcecode.swift; path = AppDelegate.swift; sourceTree = "<group>"; };
		689B060C2541D3B100F1CED5 /* SceneDelegate.swift */ = {isa = PBXFileReference; lastKnownFileType = sourcecode.swift; path = SceneDelegate.swift; sourceTree = "<group>"; };
		689B060E2541D3B100F1CED5 /* ViewController.swift */ = {isa = PBXFileReference; lastKnownFileType = sourcecode.swift; path = ViewController.swift; sourceTree = "<group>"; };
		689B06112541D3B100F1CED5 /* Base */ = {isa = PBXFileReference; lastKnownFileType = file.storyboard; name = Base; path = Base.lproj/Main.storyboard; sourceTree = "<group>"; };
		689B06142541D3B100F1CED5 /* kkaroDemoCK.xcdatamodel */ = {isa = PBXFileReference; lastKnownFileType = wrapper.xcdatamodel; path = kkaroDemoCK.xcdatamodel; sourceTree = "<group>"; };
		689B06162541D3B200F1CED5 /* Assets.xcassets */ = {isa = PBXFileReference; lastKnownFileType = folder.assetcatalog; path = Assets.xcassets; sourceTree = "<group>"; };
		689B06192541D3B200F1CED5 /* Base */ = {isa = PBXFileReference; lastKnownFileType = file.storyboard; name = Base; path = Base.lproj/LaunchScreen.storyboard; sourceTree = "<group>"; };
		689B061B2541D3B200F1CED5 /* Info.plist */ = {isa = PBXFileReference; lastKnownFileType = text.plist.xml; path = Info.plist; sourceTree = "<group>"; };
		689B06222541D65000F1CED5 /* Task.swift */ = {isa = PBXFileReference; lastKnownFileType = sourcecode.swift; path = Task.swift; sourceTree = "<group>"; };
		689B06252541D70000F1CED5 /* ViewController+extension.swift */ = {isa = PBXFileReference; lastKnownFileType = sourcecode.swift; path = "ViewController+extension.swift"; sourceTree = "<group>"; };
		689B06292541D79000F1CED5 /* kkaroDemoCK.entitlements */ = {isa = PBXFileReference; lastKnownFileType = text.plist.entitlements; path = kkaroDemoCK.entitlements; sourceTree = "<group>"; };
		689B062C2541D79700F1CED5 /* CloudKit.framework */ = {isa = PBXFileReference; lastKnownFileType = wrapper.framework; name = CloudKit.framework; path = System/Library/Frameworks/CloudKit.framework; sourceTree = SDKROOT; };
/* End PBXFileReference section */

/* Begin PBXFrameworksBuildPhase section */
		689B06042541D3B100F1CED5 /* Frameworks */ = {
			isa = PBXFrameworksBuildPhase;
			buildActionMask = 2147483647;
			files = (
				689B062D2541D79700F1CED5 /* CloudKit.framework in Frameworks */,
			);
			runOnlyForDeploymentPostprocessing = 0;
		};
/* End PBXFrameworksBuildPhase section */

/* Begin PBXGroup section */
		689B05FE2541D3B100F1CED5 = {
			isa = PBXGroup;
			children = (
				689B06092541D3B100F1CED5 /* kkaroDemoCK */,
				689B06082541D3B100F1CED5 /* Products */,
				689B062B2541D79600F1CED5 /* Frameworks */,
			);
			sourceTree = "<group>";
		};
		689B06082541D3B100F1CED5 /* Products */ = {
			isa = PBXGroup;
			children = (
				689B06072541D3B100F1CED5 /* kkaroDemoCK.app */,
			);
			name = Products;
			sourceTree = "<group>";
		};
		689B06092541D3B100F1CED5 /* kkaroDemoCK */ = {
			isa = PBXGroup;
			children = (
				689B06292541D79000F1CED5 /* kkaroDemoCK.entitlements */,
				689B060A2541D3B100F1CED5 /* AppDelegate.swift */,
				689B060C2541D3B100F1CED5 /* SceneDelegate.swift */,
				689B060E2541D3B100F1CED5 /* ViewController.swift */,
				689B06102541D3B100F1CED5 /* Main.storyboard */,
				689B06162541D3B200F1CED5 /* Assets.xcassets */,
				689B06182541D3B200F1CED5 /* LaunchScreen.storyboard */,
				689B061B2541D3B200F1CED5 /* Info.plist */,
				689B06132541D3B100F1CED5 /* kkaroDemoCK.xcdatamodeld */,
				689B06222541D65000F1CED5 /* Task.swift */,
				689B06252541D70000F1CED5 /* ViewController+extension.swift */,
			);
			path = kkaroDemoCK;
			sourceTree = "<group>";
		};
		689B062B2541D79600F1CED5 /* Frameworks */ = {
			isa = PBXGroup;
			children = (
				689B062C2541D79700F1CED5 /* CloudKit.framework */,
			);
			name = Frameworks;
			sourceTree = "<group>";
		};
/* End PBXGroup section */

/* Begin PBXNativeTarget section */
		689B06062541D3B100F1CED5 /* kkaroDemoCK */ = {
			isa = PBXNativeTarget;
			buildConfigurationList = 689B061E2541D3B200F1CED5 /* Build configuration list for PBXNativeTarget "kkaroDemoCK" */;
			buildPhases = (
				689B06032541D3B100F1CED5 /* Sources */,
				689B06042541D3B100F1CED5 /* Frameworks */,
				689B06052541D3B100F1CED5 /* Resources */,
			);
			buildRules = (
			);
			dependencies = (
			);
			name = kkaroDemoCK;
			productName = kkaroDemoCK;
			productReference = 689B06072541D3B100F1CED5 /* kkaroDemoCK.app */;
			productType = "com.apple.product-type.application";
		};
/* End PBXNativeTarget section */

/* Begin PBXProject section */
		689B05FF2541D3B100F1CED5 /* Project object */ = {
			isa = PBXProject;
			attributes = {
				LastSwiftUpdateCheck = 1210;
				LastUpgradeCheck = 1210;
				TargetAttributes = {
					689B06062541D3B100F1CED5 = {
						CreatedOnToolsVersion = 12.1;
					};
				};
			};
			buildConfigurationList = 689B06022541D3B100F1CED5 /* Build configuration list for PBXProject "kkaroDemoCK" */;
			compatibilityVersion = "Xcode 9.3";
			developmentRegion = en;
			hasScannedForEncodings = 0;
			knownRegions = (
				en,
				Base,
			);
			mainGroup = 689B05FE2541D3B100F1CED5;
			productRefGroup = 689B06082541D3B100F1CED5 /* Products */;
			projectDirPath = "";
			projectRoot = "";
			targets = (
				689B06062541D3B100F1CED5 /* kkaroDemoCK */,
			);
		};
/* End PBXProject section */

/* Begin PBXResourcesBuildPhase section */
		689B06052541D3B100F1CED5 /* Resources */ = {
			isa = PBXResourcesBuildPhase;
			buildActionMask = 2147483647;
			files = (
				689B061A2541D3B200F1CED5 /* LaunchScreen.storyboard in Resources */,
				689B06172541D3B200F1CED5 /* Assets.xcassets in Resources */,
				689B06122541D3B100F1CED5 /* Main.storyboard in Resources */,
			);
			runOnlyForDeploymentPostprocessing = 0;
		};
/* End PBXResourcesBuildPhase section */

/* Begin PBXSourcesBuildPhase section */
		689B06032541D3B100F1CED5 /* Sources */ = {
			isa = PBXSourcesBuildPhase;
			buildActionMask = 2147483647;
			files = (
				689B06262541D70000F1CED5 /* ViewController+extension.swift in Sources */,
				689B060F2541D3B100F1CED5 /* ViewController.swift in Sources */,
				689B060B2541D3B100F1CED5 /* AppDelegate.swift in Sources */,
				689B06232541D65000F1CED5 /* Task.swift in Sources */,
				689B060D2541D3B100F1CED5 /* SceneDelegate.swift in Sources */,
				689B06152541D3B100F1CED5 /* kkaroDemoCK.xcdatamodeld in Sources */,
			);
			runOnlyForDeploymentPostprocessing = 0;
		};
/* End PBXSourcesBuildPhase section */

/* Begin PBXVariantGroup section */
		689B06102541D3B100F1CED5 /* Main.storyboard */ = {
			isa = PBXVariantGroup;
			children = (
				689B06112541D3B100F1CED5 /* Base */,
			);
			name = Main.storyboard;
			sourceTree = "<group>";
		};
		689B06182541D3B200F1CED5 /* LaunchScreen.storyboard */ = {
			isa = PBXVariantGroup;
			children = (
				689B06192541D3B200F1CED5 /* Base */,
			);
			name = LaunchScreen.storyboard;
			sourceTree = "<group>";
		};
/* End PBXVariantGroup section */

/* Begin XCBuildConfiguration section */
		689B061C2541D3B200F1CED5 /* Debug */ = {
			isa = XCBuildConfiguration;
			buildSettings = {
				ALWAYS_SEARCH_USER_PATHS = NO;
				CLANG_ANALYZER_NONNULL = YES;
				CLANG_ANALYZER_NUMBER_OBJECT_CONVERSION = YES_AGGRESSIVE;
				CLANG_CXX_LANGUAGE_STANDARD = "gnu++14";
				CLANG_CXX_LIBRARY = "libc++";
				CLANG_ENABLE_MODULES = YES;
				CLANG_ENABLE_OBJC_ARC = YES;
				CLANG_ENABLE_OBJC_WEAK = YES;
				CLANG_WARN_BLOCK_CAPTURE_AUTORELEASING = YES;
				CLANG_WARN_BOOL_CONVERSION = YES;
				CLANG_WARN_COMMA = YES;
				CLANG_WARN_CONSTANT_CONVERSION = YES;
				CLANG_WARN_DEPRECATED_OBJC_IMPLEMENTATIONS = YES;
				CLANG_WARN_DIRECT_OBJC_ISA_USAGE = YES_ERROR;
				CLANG_WARN_DOCUMENTATION_COMMENTS = YES;
				CLANG_WARN_EMPTY_BODY = YES;
				CLANG_WARN_ENUM_CONVERSION = YES;
				CLANG_WARN_INFINITE_RECURSION = YES;
				CLANG_WARN_INT_CONVERSION = YES;
				CLANG_WARN_NON_LITERAL_NULL_CONVERSION = YES;
				CLANG_WARN_OBJC_IMPLICIT_RETAIN_SELF = YES;
				CLANG_WARN_OBJC_LITERAL_CONVERSION = YES;
				CLANG_WARN_OBJC_ROOT_CLASS = YES_ERROR;
				CLANG_WARN_QUOTED_INCLUDE_IN_FRAMEWORK_HEADER = YES;
				CLANG_WARN_RANGE_LOOP_ANALYSIS = YES;
				CLANG_WARN_STRICT_PROTOTYPES = YES;
				CLANG_WARN_SUSPICIOUS_MOVE = YES;
				CLANG_WARN_UNGUARDED_AVAILABILITY = YES_AGGRESSIVE;
				CLANG_WARN_UNREACHABLE_CODE = YES;
				CLANG_WARN__DUPLICATE_METHOD_MATCH = YES;
				COPY_PHASE_STRIP = NO;
				DEBUG_INFORMATION_FORMAT = dwarf;
				ENABLE_STRICT_OBJC_MSGSEND = YES;
				ENABLE_TESTABILITY = YES;
				GCC_C_LANGUAGE_STANDARD = gnu11;
				GCC_DYNAMIC_NO_PIC = NO;
				GCC_NO_COMMON_BLOCKS = YES;
				GCC_OPTIMIZATION_LEVEL = 0;
				GCC_PREPROCESSOR_DEFINITIONS = (
					"DEBUG=1",
					"$(inherited)",
				);
				GCC_WARN_64_TO_32_BIT_CONVERSION = YES;
				GCC_WARN_ABOUT_RETURN_TYPE = YES_ERROR;
				GCC_WARN_UNDECLARED_SELECTOR = YES;
				GCC_WARN_UNINITIALIZED_AUTOS = YES_AGGRESSIVE;
				GCC_WARN_UNUSED_FUNCTION = YES;
				GCC_WARN_UNUSED_VARIABLE = YES;
				IPHONEOS_DEPLOYMENT_TARGET = 14.1;
				MTL_ENABLE_DEBUG_INFO = INCLUDE_SOURCE;
				MTL_FAST_MATH = YES;
				ONLY_ACTIVE_ARCH = YES;
				SDKROOT = iphoneos;
				SWIFT_ACTIVE_COMPILATION_CONDITIONS = DEBUG;
				SWIFT_OPTIMIZATION_LEVEL = "-Onone";
			};
			name = Debug;
		};
		689B061D2541D3B200F1CED5 /* Release */ = {
			isa = XCBuildConfiguration;
			buildSettings = {
				ALWAYS_SEARCH_USER_PATHS = NO;
				CLANG_ANALYZER_NONNULL = YES;
				CLANG_ANALYZER_NUMBER_OBJECT_CONVERSION = YES_AGGRESSIVE;
				CLANG_CXX_LANGUAGE_STANDARD = "gnu++14";
				CLANG_CXX_LIBRARY = "libc++";
				CLANG_ENABLE_MODULES = YES;
				CLANG_ENABLE_OBJC_ARC = YES;
				CLANG_ENABLE_OBJC_WEAK = YES;
				CLANG_WARN_BLOCK_CAPTURE_AUTORELEASING = YES;
				CLANG_WARN_BOOL_CONVERSION = YES;
				CLANG_WARN_COMMA = YES;
				CLANG_WARN_CONSTANT_CONVERSION = YES;
				CLANG_WARN_DEPRECATED_OBJC_IMPLEMENTATIONS = YES;
				CLANG_WARN_DIRECT_OBJC_ISA_USAGE = YES_ERROR;
				CLANG_WARN_DOCUMENTATION_COMMENTS = YES;
				CLANG_WARN_EMPTY_BODY = YES;
				CLANG_WARN_ENUM_CONVERSION = YES;
				CLANG_WARN_INFINITE_RECURSION = YES;
				CLANG_WARN_INT_CONVERSION = YES;
				CLANG_WARN_NON_LITERAL_NULL_CONVERSION = YES;
				CLANG_WARN_OBJC_IMPLICIT_RETAIN_SELF = YES;
				CLANG_WARN_OBJC_LITERAL_CONVERSION = YES;
				CLANG_WARN_OBJC_ROOT_CLASS = YES_ERROR;
				CLANG_WARN_QUOTED_INCLUDE_IN_FRAMEWORK_HEADER = YES;
				CLANG_WARN_RANGE_LOOP_ANALYSIS = YES;
				CLANG_WARN_STRICT_PROTOTYPES = YES;
				CLANG_WARN_SUSPICIOUS_MOVE = YES;
				CLANG_WARN_UNGUARDED_AVAILABILITY = YES_AGGRESSIVE;
				CLANG_WARN_UNREACHABLE_CODE = YES;
				CLANG_WARN__DUPLICATE_METHOD_MATCH = YES;
				COPY_PHASE_STRIP = NO;
				DEBUG_INFORMATION_FORMAT = "dwarf-with-dsym";
				ENABLE_NS_ASSERTIONS = NO;
				ENABLE_STRICT_OBJC_MSGSEND = YES;
				GCC_C_LANGUAGE_STANDARD = gnu11;
				GCC_NO_COMMON_BLOCKS = YES;
				GCC_WARN_64_TO_32_BIT_CONVERSION = YES;
				GCC_WARN_ABOUT_RETURN_TYPE = YES_ERROR;
				GCC_WARN_UNDECLARED_SELECTOR = YES;
				GCC_WARN_UNINITIALIZED_AUTOS = YES_AGGRESSIVE;
				GCC_WARN_UNUSED_FUNCTION = YES;
				GCC_WARN_UNUSED_VARIABLE = YES;
				IPHONEOS_DEPLOYMENT_TARGET = 14.1;
				MTL_ENABLE_DEBUG_INFO = NO;
				MTL_FAST_MATH = YES;
				SDKROOT = iphoneos;
				SWIFT_COMPILATION_MODE = wholemodule;
				SWIFT_OPTIMIZATION_LEVEL = "-O";
				VALIDATE_PRODUCT = YES;
			};
			name = Release;
		};
		689B061F2541D3B200F1CED5 /* Debug */ = {
			isa = XCBuildConfiguration;
			buildSettings = {
				ASSETCATALOG_COMPILER_APPICON_NAME = AppIcon;
				ASSETCATALOG_COMPILER_GLOBAL_ACCENT_COLOR_NAME = AccentColor;
				CODE_SIGN_ENTITLEMENTS = kkaroDemoCK/kkaroDemoCK.entitlements;
				CODE_SIGN_STYLE = Automatic;
				DEVELOPMENT_TEAM = 78HCYJFJ6W;
				INFOPLIST_FILE = kkaroDemoCK/Info.plist;
				LD_RUNPATH_SEARCH_PATHS = (
					"$(inherited)",
					"@executable_path/Frameworks",
				);
				PRODUCT_BUNDLE_IDENTIFIER = karol.kkaroDemoCK;
				PRODUCT_NAME = "$(TARGET_NAME)";
				SWIFT_VERSION = 5.0;
				TARGETED_DEVICE_FAMILY = "1,2";
			};
			name = Debug;
		};
		689B06202541D3B200F1CED5 /* Release */ = {
			isa = XCBuildConfiguration;
			buildSettings = {
				ASSETCATALOG_COMPILER_APPICON_NAME = AppIcon;
				ASSETCATALOG_COMPILER_GLOBAL_ACCENT_COLOR_NAME = AccentColor;
				CODE_SIGN_ENTITLEMENTS = kkaroDemoCK/kkaroDemoCK.entitlements;
				CODE_SIGN_STYLE = Automatic;
				DEVELOPMENT_TEAM = 78HCYJFJ6W;
				INFOPLIST_FILE = kkaroDemoCK/Info.plist;
				LD_RUNPATH_SEARCH_PATHS = (
					"$(inherited)",
					"@executable_path/Frameworks",
				);
				PRODUCT_BUNDLE_IDENTIFIER = karol.kkaroDemoCK;
				PRODUCT_NAME = "$(TARGET_NAME)";
				SWIFT_VERSION = 5.0;
				TARGETED_DEVICE_FAMILY = "1,2";
			};
			name = Release;
		};
/* End XCBuildConfiguration section */

/* Begin XCConfigurationList section */
		689B06022541D3B100F1CED5 /* Build configuration list for PBXProject "kkaroDemoCK" */ = {
			isa = XCConfigurationList;
			buildConfigurations = (
				689B061C2541D3B200F1CED5 /* Debug */,
				689B061D2541D3B200F1CED5 /* Release */,
			);
			defaultConfigurationIsVisible = 0;
			defaultConfigurationName = Release;
		};
		689B061E2541D3B200F1CED5 /* Build configuration list for PBXNativeTarget "kkaroDemoCK" */ = {
			isa = XCConfigurationList;
			buildConfigurations = (
				689B061F2541D3B200F1CED5 /* Debug */,
				689B06202541D3B200F1CED5 /* Release */,
			);
			defaultConfigurationIsVisible = 0;
			defaultConfigurationName = Release;
		};
/* End XCConfigurationList section */

/* Begin XCVersionGroup section */
		689B06132541D3B100F1CED5 /* kkaroDemoCK.xcdatamodeld */ = {
			isa = XCVersionGroup;
			children = (
				689B06142541D3B100F1CED5 /* kkaroDemoCK.xcdatamodel */,
			);
			currentVersion = 689B06142541D3B100F1CED5 /* kkaroDemoCK.xcdatamodel */;
			path = kkaroDemoCK.xcdatamodeld;
			sourceTree = "<group>";
			versionGroupType = wrapper.xcdatamodel;
		};
/* End XCVersionGroup section */
	};
	rootObject = 689B05FF2541D3B100F1CED5 /* Project object */;
}
